
Microsoft Visual Studio Solution File, Format Version 12.00
# Visual Studio Version 17
VisualStudioVersion = 17.10.34916.146
MinimumVisualStudioVersion = 10.0.40219.1
Project("{2150E333-8FDC-42A3-9474-1A3956D46DE8}") = "Common", "Common", "{36D591C7-65C7-A0D1-1CBC-10CDE441BDC8}"
EndProject
Project("{FAE04EC0-301F-11D3-BF4B-00C04F79EFBC}") = "Constants", "Common\Constants\Constants.csproj", "{5AF2C8D8-8C6B-F51B-785D-CC250744B89A}"
EndProject
Project("{FAE04EC0-301F-11D3-BF4B-00C04F79EFBC}") = "Exceptions", "Common\Exceptions\Exceptions.csproj", "{73868C43-A68B-BE75-5CE9-D7B911712609}"
EndProject
Project("{FAE04EC0-301F-11D3-BF4B-00C04F79EFBC}") = "Extensions", "Common\Extensions\Extensions.csproj", "{1FEEDDBA-F9E7-D37D-0D2B-0F7704F94DDF}"
EndProject
Project("{FAE04EC0-301F-11D3-BF4B-00C04F79EFBC}") = "HashProvider", "Common\HashProvider\HashProvider.csproj", "{294D0D09-67F6-8F83-EB52-AA77418EE2C9}"
EndProject
Project("{FAE04EC0-301F-11D3-BF4B-00C04F79EFBC}") = "HttpDelegatingHandlers", "Common\HttpDelegatingHandlers\HttpDelegatingHandlers.csproj", "{F13DCAE1-7176-1FDA-CC49-F49A54BACA33}"
EndProject
Project("{FAE04EC0-301F-11D3-BF4B-00C04F79EFBC}") = "CustomResponse", "Common\Response\CustomResponse.csproj", "{EE87D967-1E98-BFBD-71B0-D9CD9559874D}"
EndProject
Project("{2150E333-8FDC-42A3-9474-1A3956D46DE8}") = "Gateway", "Gateway", "{61E65953-8C2D-4E64-86DB-52B33B56B80A}"
EndProject
Project("{2150E333-8FDC-42A3-9474-1A3956D46DE8}") = "ProductService", "ProductService", "{F8718758-70E8-49B2-AEDD-8F3FAB95A129}"
EndProject
Project("{2150E333-8FDC-42A3-9474-1A3956D46DE8}") = "AuthService", "AuthService", "{5BC0EAE7-5400-4C13-A191-00F85AEBE4F3}"
EndProject
Project("{2150E333-8FDC-42A3-9474-1A3956D46DE8}") = "AuthService.API", "AuthService.API", "{B306EC0A-5EA0-4E1E-ADB7-AF1E6A0A708A}"
EndProject
Project("{2150E333-8FDC-42A3-9474-1A3956D46DE8}") = "AuthService.Core", "AuthService.Core", "{630FE456-0D13-46D3-BF55-3C96890CCF93}"
EndProject
Project("{2150E333-8FDC-42A3-9474-1A3956D46DE8}") = "AuthService.Infrastructure", "AuthService.Infrastructure", "{11D26445-FD5F-45C3-9E1C-95CED314B1F8}"
EndProject
Project("{FAE04EC0-301F-11D3-BF4B-00C04F79EFBC}") = "AuthService.API.AuthAPI", "AuthService\AuthService.API\AuthService.API.AuthAPI\AuthService.API.AuthAPI.csproj", "{83212F4F-A232-5FF7-73E3-5A2E01ADDDE5}"
EndProject
Project("{FAE04EC0-301F-11D3-BF4B-00C04F79EFBC}") = "AuthService.Core.Application", "AuthService\AuthService.Core\AuthService.Core.Application\AuthService.Core.Application.csproj", "{487DB886-93B9-6B3C-2B1C-C71EDE19A8EC}"
EndProject
Project("{FAE04EC0-301F-11D3-BF4B-00C04F79EFBC}") = "AuthService.Core.Domain", "AuthService\AuthService.Core\AuthService.Core.Domain\AuthService.Core.Domain.csproj", "{B4CD3669-E76F-035C-6FDA-57EF57A8E22E}"
EndProject
Project("{FAE04EC0-301F-11D3-BF4B-00C04F79EFBC}") = "AuthService.Infrastructure.Infrastructure", "AuthService\AuthService.Infrastructure\AuthService.Infrastructure.Infrastructure\AuthService.Infrastructure.Infrastructure.csproj", "{EB6D8DBA-823C-3B92-176C-C1A699A1853C}"
EndProject
Project("{FAE04EC0-301F-11D3-BF4B-00C04F79EFBC}") = "AuthService.Infrastructure.Persistence", "AuthService\AuthService.Infrastructure\AuthService.Infrastructure.Persistence\AuthService.Infrastructure.Persistence.csproj", "{D4E3EE48-891F-1B4C-BF1A-3007AACBC80A}"
EndProject
Project("{2150E333-8FDC-42A3-9474-1A3956D46DE8}") = "ProductService.Api", "ProductService.Api", "{2C60122D-1341-460E-BB4F-D6EEB4C5D2D1}"
EndProject
Project("{FAE04EC0-301F-11D3-BF4B-00C04F79EFBC}") = "ProductService.Api.ProductAPI", "ProductService\ProductService.Api\ProductService.Api.ProductAPI\ProductService.Api.ProductAPI.csproj", "{00398755-1E8C-68A9-E669-4ECD0D98DA49}"
EndProject
Project("{2150E333-8FDC-42A3-9474-1A3956D46DE8}") = "ProductService.Core", "ProductService.Core", "{B5D01CED-DC7F-454B-893F-74EDC8EBDE74}"
EndProject
Project("{2150E333-8FDC-42A3-9474-1A3956D46DE8}") = "ProductService.Infrastucture", "ProductService.Infrastucture", "{78F8684B-DD02-4457-8DBC-474BDD73F419}"
EndProject
Project("{FAE04EC0-301F-11D3-BF4B-00C04F79EFBC}") = "ProductService.Core.Application", "ProductService\ProductService.Core\ProductService.Core.Application\ProductService.Core.Application.csproj", "{0BD04E80-E4C7-E88D-4750-EDC49D3EEB1E}"
EndProject
Project("{FAE04EC0-301F-11D3-BF4B-00C04F79EFBC}") = "ProductService.Core.Domain", "ProductService\ProductService.Core\ProductService.Core.Domain\ProductService.Core.Domain.csproj", "{3ACF22A7-01A7-5AAD-F03B-0B060DF25F43}"
EndProject
Project("{FAE04EC0-301F-11D3-BF4B-00C04F79EFBC}") = "ProductService.Infrastucture.Persistence", "ProductService\ProductService.Infrastucture\ProductService.Infrastucture.Persistence\ProductService.Infrastucture.Persistence.csproj", "{508DF6C2-C80E-EA7F-0115-F5E711ABA81D}"
EndProject
Project("{FAE04EC0-301F-11D3-BF4B-00C04F79EFBC}") = "ProductService.Infrastucture.Infrastucture", "ProductService\ProductService.Infrastucture\ProductService.Infrastucture.Infrastucture\ProductService.Infrastucture.Infrastucture.csproj", "{4315729A-4402-9FEE-444D-8310697D3B5F}"
EndProject
Project("{FAE04EC0-301F-11D3-BF4B-00C04F79EFBC}") = "Gateway", "Gateway\Gateway\Gateway.csproj", "{E2A46294-A5B0-4567-9F7B-BA6EF49913F1}"
EndProject
Project("{FAE04EC0-301F-11D3-BF4B-00C04F79EFBC}") = "CentralizedJwtAuthentication", "Common\CentralizedJwtAuthentication\CentralizedJwtAuthentication.csproj", "{4FD09A52-7120-4E38-8C4D-7AF640379DD6}"
EndProject
Project("{2150E333-8FDC-42A3-9474-1A3956D46DE8}") = "Clients", "Clients", "{02EA681E-C7D8-13C7-8484-4AC65E1B71E8}"
EndProject
Project("{2150E333-8FDC-42A3-9474-1A3956D46DE8}") = "Messaging", "Messaging", "{1BB3566D-E1C2-416D-AAD5-1F24DB0E46C6}"
EndProject
Project("{FAE04EC0-301F-11D3-BF4B-00C04F79EFBC}") = "Messaging.Kafka", "Common\Messaging\Messaging.Kafka\Messaging.Kafka.csproj", "{018C2513-1E2D-B54B-5D92-D5125749DC18}"
EndProject
Project("{FAE04EC0-301F-11D3-BF4B-00C04F79EFBC}") = "Messaging.Kafka.Consumer", "Common\Messaging\Messaging.Kafka.Consumer\Messaging.Kafka.Consumer.csproj", "{4B731E2D-A1C7-7177-E2B2-B0C39124D783}"
EndProject
Project("{2150E333-8FDC-42A3-9474-1A3956D46DE8}") = "NotificationService", "NotificationService", "{C7B2A75E-E742-43FB-9128-B5596B365D74}"
EndProject
Project("{2150E333-8FDC-42A3-9474-1A3956D46DE8}") = "NotificationService.Core", "NotificationService.Core", "{10356E12-9D2E-4EFC-B4EA-B62316671887}"
EndProject
Project("{2150E333-8FDC-42A3-9474-1A3956D46DE8}") = "NotificationService.Api", "NotificationService.Api", "{B40DC9E8-B8E7-4B69-9433-FFA9E4891642}"
EndProject
Project("{2150E333-8FDC-42A3-9474-1A3956D46DE8}") = "NotificationService.Infrastucture", "NotificationService.Infrastucture", "{1B6184BC-0AA9-4599-9801-B07A3A55DC04}"
EndProject
Project("{FAE04EC0-301F-11D3-BF4B-00C04F79EFBC}") = "NotificationService.Api.NotificationApi", "NotificationService\NotificationService.Api\NotificationService.Api.NotificationApi\NotificationService.Api.NotificationApi.csproj", "{7D646B4B-0E70-42E8-A2AF-059C19641E37}"
EndProject
Project("{FAE04EC0-301F-11D3-BF4B-00C04F79EFBC}") = "NotificationService.Core.Application", "NotificationService\NotificationService.Core\NotificationService.Core.Application\NotificationService.Core.Application.csproj", "{F3710DCB-1F58-4EF5-8115-42AD7FFCCEDE}"
EndProject
Project("{FAE04EC0-301F-11D3-BF4B-00C04F79EFBC}") = "NotificationService.Infrastucture.Infrastucture", "NotificationService\NotificationService.Infrastucture\NotificationService.Infrastucture.Infrastucture\NotificationService.Infrastucture.Infrastucture.csproj", "{2DDA4EB2-7E04-4CBB-A08E-A8F249969B5C}"
EndProject
Project("{FAE04EC0-301F-11D3-BF4B-00C04F79EFBC}") = "NotificationService.Infrastucture.Persistence", "NotificationService\NotificationService.Infrastucture\NotificationService.Infrastucture.Persistence\NotificationService.Infrastucture.Persistence.csproj", "{514C66CD-779D-4E2A-8C13-816802771BF3}"
EndProject
Project("{FAE04EC0-301F-11D3-BF4B-00C04F79EFBC}") = "NotificationService.Core.Domain", "NotificationService\NotificationService.Core\NotificationService.Core.Domain\NotificationService.Core.Domain.csproj", "{08B760D4-632E-400A-A112-4E90B1B2FEFB}"
EndProject
Project("{FAE04EC0-301F-11D3-BF4B-00C04F79EFBC}") = "MediatRExtensions", "Common\CQRS\MediatRExtensions\MediatRExtensions.csproj", "{4326266E-3391-4554-9F73-4B98D2CC5672}"
EndProject
Project("{FAE04EC0-301F-11D3-BF4B-00C04F79EFBC}") = "NotificationService.Api.Consumers", "NotificationService\NotificationService.Api\NotificationService.Api.Consumers\NotificationService.Api.Consumers.csproj", "{4AC63D19-6C23-4291-BC0B-6A28B31F1FF8}"
EndProject
Project("{2150E333-8FDC-42A3-9474-1A3956D46DE8}") = "Messaging.Messages", "Messaging.Messages", "{FCBC3492-6740-4204-91B0-738F3C04011C}"
EndProject
Project("{FAE04EC0-301F-11D3-BF4B-00C04F79EFBC}") = "Messaging.Messages.AuthService", "Common\Messaging\Messaging.Messages\Messaging.Messages.AuthService\Messaging.Messages.AuthService.csproj", "{ACE37C0E-E6F4-445C-BFB2-96B9E6E18CB0}"
EndProject
Project("{2150E333-8FDC-42A3-9474-1A3956D46DE8}") = "Messaging.Kafka.Producer", "Messaging.Kafka.Producer", "{B8B7366C-3DF2-473F-A90C-5439E9560384}"
EndProject
Project("{FAE04EC0-301F-11D3-BF4B-00C04F79EFBC}") = "Messaging.Kafka.Producer.Contracts", "Common\Messaging\Messaging.Kafka.Producer\Messaging.Kafka.Producer.Contracts\Messaging.Kafka.Producer.Contracts.csproj", "{477FBD69-B5D9-4B2B-91AA-39B58F23537E}"
EndProject
Project("{FAE04EC0-301F-11D3-BF4B-00C04F79EFBC}") = "Messaging.Kafka.Producer.Models", "Common\Messaging\Messaging.Kafka.Producer\Messaging.Kafka.Producer.Models\Messaging.Kafka.Producer.Models.csproj", "{654E9817-2624-42C2-822B-7535D92ABF5D}"
EndProject
Project("{FAE04EC0-301F-11D3-BF4B-00C04F79EFBC}") = "Messaging.Messages.ProductService", "Common\Messaging\Messaging.Messages\Messaging.Messages.ProductService\Messaging.Messages.ProductService.csproj", "{CBC4064F-F2A5-46D7-82C7-2D6B34139C63}"
EndProject
Project("{2150E333-8FDC-42A3-9474-1A3956D46DE8}") = "EmailSender", "EmailSender", "{4F872AA3-5A42-4598-A813-F2E884DC59AF}"
EndProject
Project("{FAE04EC0-301F-11D3-BF4B-00C04F79EFBC}") = "EmailSender.Contracts", "Common\EmailSender\EmailSender.Contracts\EmailSender.Contracts.csproj", "{1B82B7D1-DA2B-4081-A090-8338986B66BA}"
EndProject
Project("{FAE04EC0-301F-11D3-BF4B-00C04F79EFBC}") = "EmailSender.Models", "Common\EmailSender\EmailSender.Models\EmailSender.Models.csproj", "{4ECD3A22-F6E0-4620-B4AD-8E29EF78534E}"
EndProject
Project("{FAE04EC0-301F-11D3-BF4B-00C04F79EFBC}") = "EmailSender.Services", "Common\EmailSender\EmailSender.Services\EmailSender.Services.csproj", "{577FD8DA-BBF8-43B1-A72D-10EE152C2C2F}"
EndProject
Project("{FAE04EC0-301F-11D3-BF4B-00C04F79EFBC}") = "Clients.AuthServiceClient", "Common\Clients\Clients.AuthServiceClient\Clients.AuthServiceClient.csproj", "{4A72B8DF-3C26-38A9-460F-31E17E73A5C8}"
EndProject
Project("{FAE04EC0-301F-11D3-BF4B-00C04F79EFBC}") = "Clients.ProductServiceClient", "Common\Clients\Clients.ProductService\Clients.ProductServiceClient.csproj", "{0FA744CE-DE9B-45A8-B359-D15775A7D1DC}"
EndProject
Project("{2150E333-8FDC-42A3-9474-1A3956D46DE8}") = "Cache", "Cache", "{7AB7FAF5-20E9-4D2C-B373-508A4BC6AF15}"
EndProject
Project("{2150E333-8FDC-42A3-9474-1A3956D46DE8}") = "Repository", "Repository", "{DD15B616-8EA3-4C14-BA4E-B5E35AC39516}"
EndProject
Project("{FAE04EC0-301F-11D3-BF4B-00C04F79EFBC}") = "Repository.Contracts", "Common\Repository\Repository.Contracts\Repository.Contracts.csproj", "{5304E475-0341-4536-A069-E97F076A1CA2}"
EndProject
Project("{FAE04EC0-301F-11D3-BF4B-00C04F79EFBC}") = "Repository.Models.Relational", "Common\Repository\Repository.Models.Relational\Repository.Models.Relational.csproj", "{B0CFE883-B679-4840-BCF6-38A100208F22}"
EndProject
Project("{FAE04EC0-301F-11D3-BF4B-00C04F79EFBC}") = "Cache.Contracts", "Common\Cache\Cache.Contracts\Cache.Contracts.csproj", "{BF1D2674-FE69-C8D6-1E47-5608F618D824}"
EndProject
Project("{FAE04EC0-301F-11D3-BF4B-00C04F79EFBC}") = "Repository.Models.MongoDb", "Common\Repository\Repository.Models.MongoDb\Repository.Models.MongoDb.csproj", "{8193F842-0768-4570-BF23-DDE881EB3C80}"
EndProject
Project("{FAE04EC0-301F-11D3-BF4B-00C04F79EFBC}") = "Cache.Models.Reddis", "Common\Cache\Cache.Models.Reddis\Cache.Models.Reddis.csproj", "{63A0C88D-6B4F-4CF0-BF6F-3CE68E8DFA7D}"
EndProject
Project("{FAE04EC0-301F-11D3-BF4B-00C04F79EFBC}") = "Cache.Models.InMemory", "Common\Cache\Cache.Models.InMemory\Cache.Models.InMemory.csproj", "{2BCE87C2-AA09-4D59-8570-516DEBAB36A3}"
EndProject
Project("{2150E333-8FDC-42A3-9474-1A3956D46DE8}") = "Tests", "Tests", "{0177466B-6217-403E-B4C2-79E58802B9F4}"
EndProject
Project("{FAE04EC0-301F-11D3-BF4B-00C04F79EFBC}") = "Repository.Caching", "Common\Repository\Repository.Caching\Repository.Caching.csproj", "{710EBCDE-32FB-4BC9-9712-D3CAEC222488}"
EndProject
Project("{FAE04EC0-301F-11D3-BF4B-00C04F79EFBC}") = "Repository.Models.Relational.Test", "Tests\Repository\Repository.Models.Relational.Test\Repository.Models.Relational.Test.csproj", "{4945401A-B5DB-4F48-895B-EF6BE0241743}"
EndProject
Project("{2150E333-8FDC-42A3-9474-1A3956D46DE8}") = "AuthService", "AuthService", "{43FDB319-3237-411E-AE0C-6589A024F165}"
EndProject
Project("{FAE04EC0-301F-11D3-BF4B-00C04F79EFBC}") = "AuthService.Core.Application.Tests", "Tests\AuthService\AuthService.Core.Application.Tests\AuthService.Core.Application.Tests.csproj", "{89434CCB-C5B9-4783-9FB5-91C6D3791510}"
EndProject
Global
	GlobalSection(SolutionConfigurationPlatforms) = preSolution
		Debug|Any CPU = Debug|Any CPU
		Release|Any CPU = Release|Any CPU
	EndGlobalSection
	GlobalSection(ProjectConfigurationPlatforms) = postSolution
		{5AF2C8D8-8C6B-F51B-785D-CC250744B89A}.Debug|Any CPU.ActiveCfg = Debug|Any CPU
		{5AF2C8D8-8C6B-F51B-785D-CC250744B89A}.Debug|Any CPU.Build.0 = Debug|Any CPU
		{5AF2C8D8-8C6B-F51B-785D-CC250744B89A}.Release|Any CPU.ActiveCfg = Release|Any CPU
		{5AF2C8D8-8C6B-F51B-785D-CC250744B89A}.Release|Any CPU.Build.0 = Release|Any CPU
		{73868C43-A68B-BE75-5CE9-D7B911712609}.Debug|Any CPU.ActiveCfg = Debug|Any CPU
		{73868C43-A68B-BE75-5CE9-D7B911712609}.Debug|Any CPU.Build.0 = Debug|Any CPU
		{73868C43-A68B-BE75-5CE9-D7B911712609}.Release|Any CPU.ActiveCfg = Release|Any CPU
		{73868C43-A68B-BE75-5CE9-D7B911712609}.Release|Any CPU.Build.0 = Release|Any CPU
		{1FEEDDBA-F9E7-D37D-0D2B-0F7704F94DDF}.Debug|Any CPU.ActiveCfg = Debug|Any CPU
		{1FEEDDBA-F9E7-D37D-0D2B-0F7704F94DDF}.Debug|Any CPU.Build.0 = Debug|Any CPU
		{1FEEDDBA-F9E7-D37D-0D2B-0F7704F94DDF}.Release|Any CPU.ActiveCfg = Release|Any CPU
		{1FEEDDBA-F9E7-D37D-0D2B-0F7704F94DDF}.Release|Any CPU.Build.0 = Release|Any CPU
		{294D0D09-67F6-8F83-EB52-AA77418EE2C9}.Debug|Any CPU.ActiveCfg = Debug|Any CPU
		{294D0D09-67F6-8F83-EB52-AA77418EE2C9}.Debug|Any CPU.Build.0 = Debug|Any CPU
		{294D0D09-67F6-8F83-EB52-AA77418EE2C9}.Release|Any CPU.ActiveCfg = Release|Any CPU
		{294D0D09-67F6-8F83-EB52-AA77418EE2C9}.Release|Any CPU.Build.0 = Release|Any CPU
		{F13DCAE1-7176-1FDA-CC49-F49A54BACA33}.Debug|Any CPU.ActiveCfg = Debug|Any CPU
		{F13DCAE1-7176-1FDA-CC49-F49A54BACA33}.Debug|Any CPU.Build.0 = Debug|Any CPU
		{F13DCAE1-7176-1FDA-CC49-F49A54BACA33}.Release|Any CPU.ActiveCfg = Release|Any CPU
		{F13DCAE1-7176-1FDA-CC49-F49A54BACA33}.Release|Any CPU.Build.0 = Release|Any CPU
		{EE87D967-1E98-BFBD-71B0-D9CD9559874D}.Debug|Any CPU.ActiveCfg = Debug|Any CPU
		{EE87D967-1E98-BFBD-71B0-D9CD9559874D}.Debug|Any CPU.Build.0 = Debug|Any CPU
		{EE87D967-1E98-BFBD-71B0-D9CD9559874D}.Release|Any CPU.ActiveCfg = Release|Any CPU
		{EE87D967-1E98-BFBD-71B0-D9CD9559874D}.Release|Any CPU.Build.0 = Release|Any CPU
		{83212F4F-A232-5FF7-73E3-5A2E01ADDDE5}.Debug|Any CPU.ActiveCfg = Debug|Any CPU
		{83212F4F-A232-5FF7-73E3-5A2E01ADDDE5}.Debug|Any CPU.Build.0 = Debug|Any CPU
		{83212F4F-A232-5FF7-73E3-5A2E01ADDDE5}.Release|Any CPU.ActiveCfg = Release|Any CPU
		{83212F4F-A232-5FF7-73E3-5A2E01ADDDE5}.Release|Any CPU.Build.0 = Release|Any CPU
		{487DB886-93B9-6B3C-2B1C-C71EDE19A8EC}.Debug|Any CPU.ActiveCfg = Debug|Any CPU
		{487DB886-93B9-6B3C-2B1C-C71EDE19A8EC}.Debug|Any CPU.Build.0 = Debug|Any CPU
		{487DB886-93B9-6B3C-2B1C-C71EDE19A8EC}.Release|Any CPU.ActiveCfg = Release|Any CPU
		{487DB886-93B9-6B3C-2B1C-C71EDE19A8EC}.Release|Any CPU.Build.0 = Release|Any CPU
		{B4CD3669-E76F-035C-6FDA-57EF57A8E22E}.Debug|Any CPU.ActiveCfg = Debug|Any CPU
		{B4CD3669-E76F-035C-6FDA-57EF57A8E22E}.Debug|Any CPU.Build.0 = Debug|Any CPU
		{B4CD3669-E76F-035C-6FDA-57EF57A8E22E}.Release|Any CPU.ActiveCfg = Release|Any CPU
		{B4CD3669-E76F-035C-6FDA-57EF57A8E22E}.Release|Any CPU.Build.0 = Release|Any CPU
		{EB6D8DBA-823C-3B92-176C-C1A699A1853C}.Debug|Any CPU.ActiveCfg = Debug|Any CPU
		{EB6D8DBA-823C-3B92-176C-C1A699A1853C}.Debug|Any CPU.Build.0 = Debug|Any CPU
		{EB6D8DBA-823C-3B92-176C-C1A699A1853C}.Release|Any CPU.ActiveCfg = Release|Any CPU
		{EB6D8DBA-823C-3B92-176C-C1A699A1853C}.Release|Any CPU.Build.0 = Release|Any CPU
		{D4E3EE48-891F-1B4C-BF1A-3007AACBC80A}.Debug|Any CPU.ActiveCfg = Debug|Any CPU
		{D4E3EE48-891F-1B4C-BF1A-3007AACBC80A}.Debug|Any CPU.Build.0 = Debug|Any CPU
		{D4E3EE48-891F-1B4C-BF1A-3007AACBC80A}.Release|Any CPU.ActiveCfg = Release|Any CPU
		{D4E3EE48-891F-1B4C-BF1A-3007AACBC80A}.Release|Any CPU.Build.0 = Release|Any CPU
		{00398755-1E8C-68A9-E669-4ECD0D98DA49}.Debug|Any CPU.ActiveCfg = Debug|Any CPU
		{00398755-1E8C-68A9-E669-4ECD0D98DA49}.Debug|Any CPU.Build.0 = Debug|Any CPU
		{00398755-1E8C-68A9-E669-4ECD0D98DA49}.Release|Any CPU.ActiveCfg = Release|Any CPU
		{00398755-1E8C-68A9-E669-4ECD0D98DA49}.Release|Any CPU.Build.0 = Release|Any CPU
		{0BD04E80-E4C7-E88D-4750-EDC49D3EEB1E}.Debug|Any CPU.ActiveCfg = Debug|Any CPU
		{0BD04E80-E4C7-E88D-4750-EDC49D3EEB1E}.Debug|Any CPU.Build.0 = Debug|Any CPU
		{0BD04E80-E4C7-E88D-4750-EDC49D3EEB1E}.Release|Any CPU.ActiveCfg = Release|Any CPU
		{0BD04E80-E4C7-E88D-4750-EDC49D3EEB1E}.Release|Any CPU.Build.0 = Release|Any CPU
		{3ACF22A7-01A7-5AAD-F03B-0B060DF25F43}.Debug|Any CPU.ActiveCfg = Debug|Any CPU
		{3ACF22A7-01A7-5AAD-F03B-0B060DF25F43}.Debug|Any CPU.Build.0 = Debug|Any CPU
		{3ACF22A7-01A7-5AAD-F03B-0B060DF25F43}.Release|Any CPU.ActiveCfg = Release|Any CPU
		{3ACF22A7-01A7-5AAD-F03B-0B060DF25F43}.Release|Any CPU.Build.0 = Release|Any CPU
		{508DF6C2-C80E-EA7F-0115-F5E711ABA81D}.Debug|Any CPU.ActiveCfg = Debug|Any CPU
		{508DF6C2-C80E-EA7F-0115-F5E711ABA81D}.Debug|Any CPU.Build.0 = Debug|Any CPU
		{508DF6C2-C80E-EA7F-0115-F5E711ABA81D}.Release|Any CPU.ActiveCfg = Release|Any CPU
		{508DF6C2-C80E-EA7F-0115-F5E711ABA81D}.Release|Any CPU.Build.0 = Release|Any CPU
		{4315729A-4402-9FEE-444D-8310697D3B5F}.Debug|Any CPU.ActiveCfg = Debug|Any CPU
		{4315729A-4402-9FEE-444D-8310697D3B5F}.Debug|Any CPU.Build.0 = Debug|Any CPU
		{4315729A-4402-9FEE-444D-8310697D3B5F}.Release|Any CPU.ActiveCfg = Release|Any CPU
		{4315729A-4402-9FEE-444D-8310697D3B5F}.Release|Any CPU.Build.0 = Release|Any CPU
		{E2A46294-A5B0-4567-9F7B-BA6EF49913F1}.Debug|Any CPU.ActiveCfg = Debug|Any CPU
		{E2A46294-A5B0-4567-9F7B-BA6EF49913F1}.Debug|Any CPU.Build.0 = Debug|Any CPU
		{E2A46294-A5B0-4567-9F7B-BA6EF49913F1}.Release|Any CPU.ActiveCfg = Release|Any CPU
		{E2A46294-A5B0-4567-9F7B-BA6EF49913F1}.Release|Any CPU.Build.0 = Release|Any CPU
		{4FD09A52-7120-4E38-8C4D-7AF640379DD6}.Debug|Any CPU.ActiveCfg = Debug|Any CPU
		{4FD09A52-7120-4E38-8C4D-7AF640379DD6}.Debug|Any CPU.Build.0 = Debug|Any CPU
		{4FD09A52-7120-4E38-8C4D-7AF640379DD6}.Release|Any CPU.ActiveCfg = Release|Any CPU
		{4FD09A52-7120-4E38-8C4D-7AF640379DD6}.Release|Any CPU.Build.0 = Release|Any CPU
		{018C2513-1E2D-B54B-5D92-D5125749DC18}.Debug|Any CPU.ActiveCfg = Debug|Any CPU
		{018C2513-1E2D-B54B-5D92-D5125749DC18}.Debug|Any CPU.Build.0 = Debug|Any CPU
		{018C2513-1E2D-B54B-5D92-D5125749DC18}.Release|Any CPU.ActiveCfg = Release|Any CPU
		{018C2513-1E2D-B54B-5D92-D5125749DC18}.Release|Any CPU.Build.0 = Release|Any CPU
		{4B731E2D-A1C7-7177-E2B2-B0C39124D783}.Debug|Any CPU.ActiveCfg = Debug|Any CPU
		{4B731E2D-A1C7-7177-E2B2-B0C39124D783}.Debug|Any CPU.Build.0 = Debug|Any CPU
		{4B731E2D-A1C7-7177-E2B2-B0C39124D783}.Release|Any CPU.ActiveCfg = Release|Any CPU
		{4B731E2D-A1C7-7177-E2B2-B0C39124D783}.Release|Any CPU.Build.0 = Release|Any CPU
		{7D646B4B-0E70-42E8-A2AF-059C19641E37}.Debug|Any CPU.ActiveCfg = Debug|Any CPU
		{7D646B4B-0E70-42E8-A2AF-059C19641E37}.Debug|Any CPU.Build.0 = Debug|Any CPU
		{7D646B4B-0E70-42E8-A2AF-059C19641E37}.Release|Any CPU.ActiveCfg = Release|Any CPU
		{7D646B4B-0E70-42E8-A2AF-059C19641E37}.Release|Any CPU.Build.0 = Release|Any CPU
		{F3710DCB-1F58-4EF5-8115-42AD7FFCCEDE}.Debug|Any CPU.ActiveCfg = Debug|Any CPU
		{F3710DCB-1F58-4EF5-8115-42AD7FFCCEDE}.Debug|Any CPU.Build.0 = Debug|Any CPU
		{F3710DCB-1F58-4EF5-8115-42AD7FFCCEDE}.Release|Any CPU.ActiveCfg = Release|Any CPU
		{F3710DCB-1F58-4EF5-8115-42AD7FFCCEDE}.Release|Any CPU.Build.0 = Release|Any CPU
		{2DDA4EB2-7E04-4CBB-A08E-A8F249969B5C}.Debug|Any CPU.ActiveCfg = Debug|Any CPU
		{2DDA4EB2-7E04-4CBB-A08E-A8F249969B5C}.Debug|Any CPU.Build.0 = Debug|Any CPU
		{2DDA4EB2-7E04-4CBB-A08E-A8F249969B5C}.Release|Any CPU.ActiveCfg = Release|Any CPU
		{2DDA4EB2-7E04-4CBB-A08E-A8F249969B5C}.Release|Any CPU.Build.0 = Release|Any CPU
		{514C66CD-779D-4E2A-8C13-816802771BF3}.Debug|Any CPU.ActiveCfg = Debug|Any CPU
		{514C66CD-779D-4E2A-8C13-816802771BF3}.Debug|Any CPU.Build.0 = Debug|Any CPU
		{514C66CD-779D-4E2A-8C13-816802771BF3}.Release|Any CPU.ActiveCfg = Release|Any CPU
		{514C66CD-779D-4E2A-8C13-816802771BF3}.Release|Any CPU.Build.0 = Release|Any CPU
		{08B760D4-632E-400A-A112-4E90B1B2FEFB}.Debug|Any CPU.ActiveCfg = Debug|Any CPU
		{08B760D4-632E-400A-A112-4E90B1B2FEFB}.Debug|Any CPU.Build.0 = Debug|Any CPU
		{08B760D4-632E-400A-A112-4E90B1B2FEFB}.Release|Any CPU.ActiveCfg = Release|Any CPU
		{08B760D4-632E-400A-A112-4E90B1B2FEFB}.Release|Any CPU.Build.0 = Release|Any CPU
		{4326266E-3391-4554-9F73-4B98D2CC5672}.Debug|Any CPU.ActiveCfg = Debug|Any CPU
		{4326266E-3391-4554-9F73-4B98D2CC5672}.Debug|Any CPU.Build.0 = Debug|Any CPU
		{4326266E-3391-4554-9F73-4B98D2CC5672}.Release|Any CPU.ActiveCfg = Release|Any CPU
		{4326266E-3391-4554-9F73-4B98D2CC5672}.Release|Any CPU.Build.0 = Release|Any CPU
		{4AC63D19-6C23-4291-BC0B-6A28B31F1FF8}.Debug|Any CPU.ActiveCfg = Debug|Any CPU
		{4AC63D19-6C23-4291-BC0B-6A28B31F1FF8}.Debug|Any CPU.Build.0 = Debug|Any CPU
		{4AC63D19-6C23-4291-BC0B-6A28B31F1FF8}.Release|Any CPU.ActiveCfg = Release|Any CPU
		{4AC63D19-6C23-4291-BC0B-6A28B31F1FF8}.Release|Any CPU.Build.0 = Release|Any CPU
		{ACE37C0E-E6F4-445C-BFB2-96B9E6E18CB0}.Debug|Any CPU.ActiveCfg = Debug|Any CPU
		{ACE37C0E-E6F4-445C-BFB2-96B9E6E18CB0}.Debug|Any CPU.Build.0 = Debug|Any CPU
		{ACE37C0E-E6F4-445C-BFB2-96B9E6E18CB0}.Release|Any CPU.ActiveCfg = Release|Any CPU
		{ACE37C0E-E6F4-445C-BFB2-96B9E6E18CB0}.Release|Any CPU.Build.0 = Release|Any CPU
		{477FBD69-B5D9-4B2B-91AA-39B58F23537E}.Debug|Any CPU.ActiveCfg = Debug|Any CPU
		{477FBD69-B5D9-4B2B-91AA-39B58F23537E}.Debug|Any CPU.Build.0 = Debug|Any CPU
		{477FBD69-B5D9-4B2B-91AA-39B58F23537E}.Release|Any CPU.ActiveCfg = Release|Any CPU
		{477FBD69-B5D9-4B2B-91AA-39B58F23537E}.Release|Any CPU.Build.0 = Release|Any CPU
		{654E9817-2624-42C2-822B-7535D92ABF5D}.Debug|Any CPU.ActiveCfg = Debug|Any CPU
		{654E9817-2624-42C2-822B-7535D92ABF5D}.Debug|Any CPU.Build.0 = Debug|Any CPU
		{654E9817-2624-42C2-822B-7535D92ABF5D}.Release|Any CPU.ActiveCfg = Release|Any CPU
		{654E9817-2624-42C2-822B-7535D92ABF5D}.Release|Any CPU.Build.0 = Release|Any CPU
		{CBC4064F-F2A5-46D7-82C7-2D6B34139C63}.Debug|Any CPU.ActiveCfg = Debug|Any CPU
		{CBC4064F-F2A5-46D7-82C7-2D6B34139C63}.Debug|Any CPU.Build.0 = Debug|Any CPU
		{CBC4064F-F2A5-46D7-82C7-2D6B34139C63}.Release|Any CPU.ActiveCfg = Release|Any CPU
		{CBC4064F-F2A5-46D7-82C7-2D6B34139C63}.Release|Any CPU.Build.0 = Release|Any CPU
		{1B82B7D1-DA2B-4081-A090-8338986B66BA}.Debug|Any CPU.ActiveCfg = Debug|Any CPU
		{1B82B7D1-DA2B-4081-A090-8338986B66BA}.Debug|Any CPU.Build.0 = Debug|Any CPU
		{1B82B7D1-DA2B-4081-A090-8338986B66BA}.Release|Any CPU.ActiveCfg = Release|Any CPU
		{1B82B7D1-DA2B-4081-A090-8338986B66BA}.Release|Any CPU.Build.0 = Release|Any CPU
		{4ECD3A22-F6E0-4620-B4AD-8E29EF78534E}.Debug|Any CPU.ActiveCfg = Debug|Any CPU
		{4ECD3A22-F6E0-4620-B4AD-8E29EF78534E}.Debug|Any CPU.Build.0 = Debug|Any CPU
		{4ECD3A22-F6E0-4620-B4AD-8E29EF78534E}.Release|Any CPU.ActiveCfg = Release|Any CPU
		{4ECD3A22-F6E0-4620-B4AD-8E29EF78534E}.Release|Any CPU.Build.0 = Release|Any CPU
		{577FD8DA-BBF8-43B1-A72D-10EE152C2C2F}.Debug|Any CPU.ActiveCfg = Debug|Any CPU
		{577FD8DA-BBF8-43B1-A72D-10EE152C2C2F}.Debug|Any CPU.Build.0 = Debug|Any CPU
		{577FD8DA-BBF8-43B1-A72D-10EE152C2C2F}.Release|Any CPU.ActiveCfg = Release|Any CPU
		{577FD8DA-BBF8-43B1-A72D-10EE152C2C2F}.Release|Any CPU.Build.0 = Release|Any CPU
		{4A72B8DF-3C26-38A9-460F-31E17E73A5C8}.Debug|Any CPU.ActiveCfg = Debug|Any CPU
		{4A72B8DF-3C26-38A9-460F-31E17E73A5C8}.Debug|Any CPU.Build.0 = Debug|Any CPU
		{4A72B8DF-3C26-38A9-460F-31E17E73A5C8}.Release|Any CPU.ActiveCfg = Release|Any CPU
		{4A72B8DF-3C26-38A9-460F-31E17E73A5C8}.Release|Any CPU.Build.0 = Release|Any CPU
		{0FA744CE-DE9B-45A8-B359-D15775A7D1DC}.Debug|Any CPU.ActiveCfg = Debug|Any CPU
		{0FA744CE-DE9B-45A8-B359-D15775A7D1DC}.Debug|Any CPU.Build.0 = Debug|Any CPU
		{0FA744CE-DE9B-45A8-B359-D15775A7D1DC}.Release|Any CPU.ActiveCfg = Release|Any CPU
		{0FA744CE-DE9B-45A8-B359-D15775A7D1DC}.Release|Any CPU.Build.0 = Release|Any CPU
		{5304E475-0341-4536-A069-E97F076A1CA2}.Debug|Any CPU.ActiveCfg = Debug|Any CPU
		{5304E475-0341-4536-A069-E97F076A1CA2}.Debug|Any CPU.Build.0 = Debug|Any CPU
		{5304E475-0341-4536-A069-E97F076A1CA2}.Release|Any CPU.ActiveCfg = Release|Any CPU
		{5304E475-0341-4536-A069-E97F076A1CA2}.Release|Any CPU.Build.0 = Release|Any CPU
		{B0CFE883-B679-4840-BCF6-38A100208F22}.Debug|Any CPU.ActiveCfg = Debug|Any CPU
		{B0CFE883-B679-4840-BCF6-38A100208F22}.Debug|Any CPU.Build.0 = Debug|Any CPU
		{B0CFE883-B679-4840-BCF6-38A100208F22}.Release|Any CPU.ActiveCfg = Release|Any CPU
		{B0CFE883-B679-4840-BCF6-38A100208F22}.Release|Any CPU.Build.0 = Release|Any CPU
		{BF1D2674-FE69-C8D6-1E47-5608F618D824}.Debug|Any CPU.ActiveCfg = Debug|Any CPU
		{BF1D2674-FE69-C8D6-1E47-5608F618D824}.Debug|Any CPU.Build.0 = Debug|Any CPU
		{BF1D2674-FE69-C8D6-1E47-5608F618D824}.Release|Any CPU.ActiveCfg = Release|Any CPU
		{BF1D2674-FE69-C8D6-1E47-5608F618D824}.Release|Any CPU.Build.0 = Release|Any CPU
		{8193F842-0768-4570-BF23-DDE881EB3C80}.Debug|Any CPU.ActiveCfg = Debug|Any CPU
		{8193F842-0768-4570-BF23-DDE881EB3C80}.Debug|Any CPU.Build.0 = Debug|Any CPU
		{8193F842-0768-4570-BF23-DDE881EB3C80}.Release|Any CPU.ActiveCfg = Release|Any CPU
		{8193F842-0768-4570-BF23-DDE881EB3C80}.Release|Any CPU.Build.0 = Release|Any CPU
		{63A0C88D-6B4F-4CF0-BF6F-3CE68E8DFA7D}.Debug|Any CPU.ActiveCfg = Debug|Any CPU
		{63A0C88D-6B4F-4CF0-BF6F-3CE68E8DFA7D}.Debug|Any CPU.Build.0 = Debug|Any CPU
		{63A0C88D-6B4F-4CF0-BF6F-3CE68E8DFA7D}.Release|Any CPU.ActiveCfg = Release|Any CPU
		{63A0C88D-6B4F-4CF0-BF6F-3CE68E8DFA7D}.Release|Any CPU.Build.0 = Release|Any CPU
		{2BCE87C2-AA09-4D59-8570-516DEBAB36A3}.Debug|Any CPU.ActiveCfg = Debug|Any CPU
		{2BCE87C2-AA09-4D59-8570-516DEBAB36A3}.Debug|Any CPU.Build.0 = Debug|Any CPU
		{2BCE87C2-AA09-4D59-8570-516DEBAB36A3}.Release|Any CPU.ActiveCfg = Release|Any CPU
		{2BCE87C2-AA09-4D59-8570-516DEBAB36A3}.Release|Any CPU.Build.0 = Release|Any CPU
		{710EBCDE-32FB-4BC9-9712-D3CAEC222488}.Debug|Any CPU.ActiveCfg = Debug|Any CPU
		{710EBCDE-32FB-4BC9-9712-D3CAEC222488}.Debug|Any CPU.Build.0 = Debug|Any CPU
		{710EBCDE-32FB-4BC9-9712-D3CAEC222488}.Release|Any CPU.ActiveCfg = Release|Any CPU
		{710EBCDE-32FB-4BC9-9712-D3CAEC222488}.Release|Any CPU.Build.0 = Release|Any CPU
		{4945401A-B5DB-4F48-895B-EF6BE0241743}.Debug|Any CPU.ActiveCfg = Debug|Any CPU
		{4945401A-B5DB-4F48-895B-EF6BE0241743}.Debug|Any CPU.Build.0 = Debug|Any CPU
		{4945401A-B5DB-4F48-895B-EF6BE0241743}.Release|Any CPU.ActiveCfg = Release|Any CPU
		{4945401A-B5DB-4F48-895B-EF6BE0241743}.Release|Any CPU.Build.0 = Release|Any CPU
		{89434CCB-C5B9-4783-9FB5-91C6D3791510}.Debug|Any CPU.ActiveCfg = Debug|Any CPU
		{89434CCB-C5B9-4783-9FB5-91C6D3791510}.Debug|Any CPU.Build.0 = Debug|Any CPU
		{89434CCB-C5B9-4783-9FB5-91C6D3791510}.Release|Any CPU.ActiveCfg = Release|Any CPU
		{89434CCB-C5B9-4783-9FB5-91C6D3791510}.Release|Any CPU.Build.0 = Release|Any CPU
	EndGlobalSection
	GlobalSection(SolutionProperties) = preSolution
		HideSolutionNode = FALSE
	EndGlobalSection
	GlobalSection(NestedProjects) = preSolution
		{5AF2C8D8-8C6B-F51B-785D-CC250744B89A} = {36D591C7-65C7-A0D1-1CBC-10CDE441BDC8}
		{73868C43-A68B-BE75-5CE9-D7B911712609} = {36D591C7-65C7-A0D1-1CBC-10CDE441BDC8}
		{1FEEDDBA-F9E7-D37D-0D2B-0F7704F94DDF} = {36D591C7-65C7-A0D1-1CBC-10CDE441BDC8}
		{294D0D09-67F6-8F83-EB52-AA77418EE2C9} = {36D591C7-65C7-A0D1-1CBC-10CDE441BDC8}
		{F13DCAE1-7176-1FDA-CC49-F49A54BACA33} = {36D591C7-65C7-A0D1-1CBC-10CDE441BDC8}
		{EE87D967-1E98-BFBD-71B0-D9CD9559874D} = {36D591C7-65C7-A0D1-1CBC-10CDE441BDC8}
		{B306EC0A-5EA0-4E1E-ADB7-AF1E6A0A708A} = {5BC0EAE7-5400-4C13-A191-00F85AEBE4F3}
		{630FE456-0D13-46D3-BF55-3C96890CCF93} = {5BC0EAE7-5400-4C13-A191-00F85AEBE4F3}
		{11D26445-FD5F-45C3-9E1C-95CED314B1F8} = {5BC0EAE7-5400-4C13-A191-00F85AEBE4F3}
		{83212F4F-A232-5FF7-73E3-5A2E01ADDDE5} = {B306EC0A-5EA0-4E1E-ADB7-AF1E6A0A708A}
		{487DB886-93B9-6B3C-2B1C-C71EDE19A8EC} = {630FE456-0D13-46D3-BF55-3C96890CCF93}
		{B4CD3669-E76F-035C-6FDA-57EF57A8E22E} = {630FE456-0D13-46D3-BF55-3C96890CCF93}
		{EB6D8DBA-823C-3B92-176C-C1A699A1853C} = {11D26445-FD5F-45C3-9E1C-95CED314B1F8}
		{D4E3EE48-891F-1B4C-BF1A-3007AACBC80A} = {11D26445-FD5F-45C3-9E1C-95CED314B1F8}
		{2C60122D-1341-460E-BB4F-D6EEB4C5D2D1} = {F8718758-70E8-49B2-AEDD-8F3FAB95A129}
		{00398755-1E8C-68A9-E669-4ECD0D98DA49} = {2C60122D-1341-460E-BB4F-D6EEB4C5D2D1}
		{B5D01CED-DC7F-454B-893F-74EDC8EBDE74} = {F8718758-70E8-49B2-AEDD-8F3FAB95A129}
		{78F8684B-DD02-4457-8DBC-474BDD73F419} = {F8718758-70E8-49B2-AEDD-8F3FAB95A129}
		{0BD04E80-E4C7-E88D-4750-EDC49D3EEB1E} = {B5D01CED-DC7F-454B-893F-74EDC8EBDE74}
		{3ACF22A7-01A7-5AAD-F03B-0B060DF25F43} = {B5D01CED-DC7F-454B-893F-74EDC8EBDE74}
		{508DF6C2-C80E-EA7F-0115-F5E711ABA81D} = {78F8684B-DD02-4457-8DBC-474BDD73F419}
		{4315729A-4402-9FEE-444D-8310697D3B5F} = {78F8684B-DD02-4457-8DBC-474BDD73F419}
		{E2A46294-A5B0-4567-9F7B-BA6EF49913F1} = {61E65953-8C2D-4E64-86DB-52B33B56B80A}
		{4FD09A52-7120-4E38-8C4D-7AF640379DD6} = {36D591C7-65C7-A0D1-1CBC-10CDE441BDC8}
		{02EA681E-C7D8-13C7-8484-4AC65E1B71E8} = {36D591C7-65C7-A0D1-1CBC-10CDE441BDC8}
		{1BB3566D-E1C2-416D-AAD5-1F24DB0E46C6} = {36D591C7-65C7-A0D1-1CBC-10CDE441BDC8}
		{018C2513-1E2D-B54B-5D92-D5125749DC18} = {1BB3566D-E1C2-416D-AAD5-1F24DB0E46C6}
		{4B731E2D-A1C7-7177-E2B2-B0C39124D783} = {1BB3566D-E1C2-416D-AAD5-1F24DB0E46C6}
		{10356E12-9D2E-4EFC-B4EA-B62316671887} = {C7B2A75E-E742-43FB-9128-B5596B365D74}
		{B40DC9E8-B8E7-4B69-9433-FFA9E4891642} = {C7B2A75E-E742-43FB-9128-B5596B365D74}
		{1B6184BC-0AA9-4599-9801-B07A3A55DC04} = {C7B2A75E-E742-43FB-9128-B5596B365D74}
		{7D646B4B-0E70-42E8-A2AF-059C19641E37} = {B40DC9E8-B8E7-4B69-9433-FFA9E4891642}
		{F3710DCB-1F58-4EF5-8115-42AD7FFCCEDE} = {10356E12-9D2E-4EFC-B4EA-B62316671887}
		{2DDA4EB2-7E04-4CBB-A08E-A8F249969B5C} = {1B6184BC-0AA9-4599-9801-B07A3A55DC04}
		{514C66CD-779D-4E2A-8C13-816802771BF3} = {1B6184BC-0AA9-4599-9801-B07A3A55DC04}
		{08B760D4-632E-400A-A112-4E90B1B2FEFB} = {10356E12-9D2E-4EFC-B4EA-B62316671887}
		{4326266E-3391-4554-9F73-4B98D2CC5672} = {36D591C7-65C7-A0D1-1CBC-10CDE441BDC8}
		{4AC63D19-6C23-4291-BC0B-6A28B31F1FF8} = {B40DC9E8-B8E7-4B69-9433-FFA9E4891642}
		{FCBC3492-6740-4204-91B0-738F3C04011C} = {1BB3566D-E1C2-416D-AAD5-1F24DB0E46C6}
		{ACE37C0E-E6F4-445C-BFB2-96B9E6E18CB0} = {FCBC3492-6740-4204-91B0-738F3C04011C}
		{B8B7366C-3DF2-473F-A90C-5439E9560384} = {1BB3566D-E1C2-416D-AAD5-1F24DB0E46C6}
		{477FBD69-B5D9-4B2B-91AA-39B58F23537E} = {B8B7366C-3DF2-473F-A90C-5439E9560384}
		{654E9817-2624-42C2-822B-7535D92ABF5D} = {B8B7366C-3DF2-473F-A90C-5439E9560384}
		{CBC4064F-F2A5-46D7-82C7-2D6B34139C63} = {FCBC3492-6740-4204-91B0-738F3C04011C}
		{4F872AA3-5A42-4598-A813-F2E884DC59AF} = {36D591C7-65C7-A0D1-1CBC-10CDE441BDC8}
		{1B82B7D1-DA2B-4081-A090-8338986B66BA} = {4F872AA3-5A42-4598-A813-F2E884DC59AF}
		{4ECD3A22-F6E0-4620-B4AD-8E29EF78534E} = {4F872AA3-5A42-4598-A813-F2E884DC59AF}
		{577FD8DA-BBF8-43B1-A72D-10EE152C2C2F} = {4F872AA3-5A42-4598-A813-F2E884DC59AF}
		{4A72B8DF-3C26-38A9-460F-31E17E73A5C8} = {02EA681E-C7D8-13C7-8484-4AC65E1B71E8}
		{0FA744CE-DE9B-45A8-B359-D15775A7D1DC} = {02EA681E-C7D8-13C7-8484-4AC65E1B71E8}
		{7AB7FAF5-20E9-4D2C-B373-508A4BC6AF15} = {36D591C7-65C7-A0D1-1CBC-10CDE441BDC8}
		{DD15B616-8EA3-4C14-BA4E-B5E35AC39516} = {36D591C7-65C7-A0D1-1CBC-10CDE441BDC8}
		{5304E475-0341-4536-A069-E97F076A1CA2} = {DD15B616-8EA3-4C14-BA4E-B5E35AC39516}
		{B0CFE883-B679-4840-BCF6-38A100208F22} = {DD15B616-8EA3-4C14-BA4E-B5E35AC39516}
		{BF1D2674-FE69-C8D6-1E47-5608F618D824} = {7AB7FAF5-20E9-4D2C-B373-508A4BC6AF15}
		{8193F842-0768-4570-BF23-DDE881EB3C80} = {DD15B616-8EA3-4C14-BA4E-B5E35AC39516}
		{63A0C88D-6B4F-4CF0-BF6F-3CE68E8DFA7D} = {7AB7FAF5-20E9-4D2C-B373-508A4BC6AF15}
		{2BCE87C2-AA09-4D59-8570-516DEBAB36A3} = {7AB7FAF5-20E9-4D2C-B373-508A4BC6AF15}
		{710EBCDE-32FB-4BC9-9712-D3CAEC222488} = {DD15B616-8EA3-4C14-BA4E-B5E35AC39516}
		{4945401A-B5DB-4F48-895B-EF6BE0241743} = {0177466B-6217-403E-B4C2-79E58802B9F4}
		{43FDB319-3237-411E-AE0C-6589A024F165} = {0177466B-6217-403E-B4C2-79E58802B9F4}
		{89434CCB-C5B9-4783-9FB5-91C6D3791510} = {43FDB319-3237-411E-AE0C-6589A024F165}
	EndGlobalSection
	GlobalSection(ExtensibilityGlobals) = postSolution
		SolutionGuid = {D2DB40AF-E389-4793-9CD8-CCD99624132A}
	EndGlobalSection
EndGlobal
